
Microsoft Visual Studio Solution File, Format Version 12.00
# Visual Studio Version 17
VisualStudioVersion = 17.1.32421.90
MinimumVisualStudioVersion = 10.0.40219.1
Project("{FAE04EC0-301F-11D3-BF4B-00C04F79EFBC}") = "WebDriverTestsDemo", "WebDriverTestsDemo\WebDriverTestsDemo.csproj", "{EABF1364-B16C-4380-B90B-A6B1F3859C31}"
EndProject
Project("{FAE04EC0-301F-11D3-BF4B-00C04F79EFBC}") = "NunitWebDriverTests", "NunitWebDriverTests\NunitWebDriverTests.csproj", "{B4ADBD52-6566-4FC0-98E6-21B537EC8D2B}"
EndProject
Global
	GlobalSection(SolutionConfigurationPlatforms) = preSolution
		Debug|Any CPU = Debug|Any CPU
		Release|Any CPU = Release|Any CPU
	EndGlobalSection
	GlobalSection(ProjectConfigurationPlatforms) = postSolution
		{EABF1364-B16C-4380-B90B-A6B1F3859C31}.Debug|Any CPU.ActiveCfg = Debug|Any CPU
		{EABF1364-B16C-4380-B90B-A6B1F3859C31}.Debug|Any CPU.Build.0 = Debug|Any CPU
		{EABF1364-B16C-4380-B90B-A6B1F3859C31}.Release|Any CPU.ActiveCfg = Release|Any CPU
		{EABF1364-B16C-4380-B90B-A6B1F3859C31}.Release|Any CPU.Build.0 = Release|Any CPU
		{B4ADBD52-6566-4FC0-98E6-21B537EC8D2B}.Debug|Any CPU.ActiveCfg = Debug|Any CPU
		{B4ADBD52-6566-4FC0-98E6-21B537EC8D2B}.Debug|Any CPU.Build.0 = Debug|Any CPU
		{B4ADBD52-6566-4FC0-98E6-21B537EC8D2B}.Release|Any CPU.ActiveCfg = Release|Any CPU
		{B4ADBD52-6566-4FC0-98E6-21B537EC8D2B}.Release|Any CPU.Build.0 = Release|Any CPU
	EndGlobalSection
	GlobalSection(SolutionProperties) = preSolution
		HideSolutionNode = FALSE
	EndGlobalSection
	GlobalSection(ExtensibilityGlobals) = postSolution
		SolutionGuid = {7AC1CED8-6C6F-4335-969B-F508CCBA48AE}
	EndGlobalSection
EndGlobal
